{
  "name": "ajs-platforms-clone",
  "version": "1.0.0",
  "lockfileVersion": 2,
  "requires": true,
  "packages": {
    "": {
      "name": "ajs-platforms-clone",
      "version": "1.0.0",
      "license": "ISC",
      "dependencies": {
        "@errand/ajs-platforms": "^1.0.0"
      }
    },
    "node_modules/@errand/ajs-platforms": {
      "version": "1.0.0",
      "resolved": "https://npm.pkg.github.com/download/@errand/ajs-platforms/1.0.0/6648d898b4192dff595a826de70525fa646acc58419e013f5e3368192b7d569f",
      "integrity": "sha512-F3XMIKFI1sXgVggGvGMcJvVpQq2eX1sF+TdfetzAeoBnz24K4SpCCMw8RtX4G+kqX59dGFCMy7h+wsUri8HQDg==",
      "license": "ISC"
    }
  },
  "dependencies": {
    "@errand/ajs-platforms": {
      "version": "1.0.0",
      "resolved": "https://npm.pkg.github.com/download/@errand/ajs-platforms/1.0.0/6648d898b4192dff595a826de70525fa646acc58419e013f5e3368192b7d569f",
      "integrity": "sha512-F3XMIKFI1sXgVggGvGMcJvVpQq2eX1sF+TdfetzAeoBnz24K4SpCCMw8RtX4G+kqX59dGFCMy7h+wsUri8HQDg=="
    }
  }
}
